
Microsoft Visual Studio Solution File, Format Version 12.00
# Visual Studio Version 17
VisualStudioVersion = 17.8.34219.65
MinimumVisualStudioVersion = 10.0.40219.1
Project("{F184B08F-C81C-45F6-A57F-5ABD9991F28F}") = "projet_calculatrice", "projet calcul\projet_calculatrice.vbproj", "{452128E6-B32C-4DE8-A721-71FBF9B25641}"
EndProject
Global
	GlobalSection(SolutionConfigurationPlatforms) = preSolution
		Debug|Any CPU = Debug|Any CPU
		Release|Any CPU = Release|Any CPU
	EndGlobalSection
	GlobalSection(ProjectConfigurationPlatforms) = postSolution
		{452128E6-B32C-4DE8-A721-71FBF9B25641}.Debug|Any CPU.ActiveCfg = Debug|Any CPU
		{452128E6-B32C-4DE8-A721-71FBF9B25641}.Debug|Any CPU.Build.0 = Debug|Any CPU
		{452128E6-B32C-4DE8-A721-71FBF9B25641}.Release|Any CPU.ActiveCfg = Release|Any CPU
		{452128E6-B32C-4DE8-A721-71FBF9B25641}.Release|Any CPU.Build.0 = Release|Any CPU
	EndGlobalSection
	GlobalSection(SolutionProperties) = preSolution
		HideSolutionNode = FALSE
	EndGlobalSection
	GlobalSection(ExtensibilityGlobals) = postSolution
		SolutionGuid = {9C2B0B19-4662-4DEB-9C4E-00382C207DD1}
	EndGlobalSection
EndGlobal
